
Microsoft Visual Studio Solution File, Format Version 12.00
# Visual Studio Version 16
VisualStudioVersion = 16.0.30011.22
MinimumVisualStudioVersion = 10.0.40219.1
Project("{FAE04EC0-301F-11D3-BF4B-00C04F79EFBC}") = "TryGit", "TryGit\TryGit.csproj", "{E6523201-B17B-4222-83D3-035AAA138680}"
EndProject
Project("{FAE04EC0-301F-11D3-BF4B-00C04F79EFBC}") = "Model", "Model\Model.csproj", "{FCA82A21-B7C3-44BC-B931-CF7FB232BDB6}"
EndProject
Global
	GlobalSection(SolutionConfigurationPlatforms) = preSolution
		Debug|Any CPU = Debug|Any CPU
		Release|Any CPU = Release|Any CPU
	EndGlobalSection
	GlobalSection(ProjectConfigurationPlatforms) = postSolution
		{E6523201-B17B-4222-83D3-035AAA138680}.Debug|Any CPU.ActiveCfg = Debug|Any CPU
		{E6523201-B17B-4222-83D3-035AAA138680}.Debug|Any CPU.Build.0 = Debug|Any CPU
		{E6523201-B17B-4222-83D3-035AAA138680}.Release|Any CPU.ActiveCfg = Release|Any CPU
		{E6523201-B17B-4222-83D3-035AAA138680}.Release|Any CPU.Build.0 = Release|Any CPU
		{FCA82A21-B7C3-44BC-B931-CF7FB232BDB6}.Debug|Any CPU.ActiveCfg = Debug|Any CPU
		{FCA82A21-B7C3-44BC-B931-CF7FB232BDB6}.Debug|Any CPU.Build.0 = Debug|Any CPU
		{FCA82A21-B7C3-44BC-B931-CF7FB232BDB6}.Release|Any CPU.ActiveCfg = Release|Any CPU
		{FCA82A21-B7C3-44BC-B931-CF7FB232BDB6}.Release|Any CPU.Build.0 = Release|Any CPU
	EndGlobalSection
	GlobalSection(SolutionProperties) = preSolution
		HideSolutionNode = FALSE
	EndGlobalSection
	GlobalSection(ExtensibilityGlobals) = postSolution
		SolutionGuid = {D2F90E5B-884A-49B8-9C87-31164CFC771A}
	EndGlobalSection
EndGlobal
